// !$*UTF8*$!
{
	archiveVersion = 1;
	classes = {
	};
	objectVersion = 46;
	objects = {

/* Begin PBXBuildFile section */
		5FCAFE7A19EB9D6500ED32B7 /* main.m in Sources */ = {isa = PBXBuildFile; fileRef = 5FCAFE7919EB9D6500ED32B7 /* main.m */; };
		5FCAFE7D19EB9D6500ED32B7 /* AppDelegate.m in Sources */ = {isa = PBXBuildFile; fileRef = 5FCAFE7C19EB9D6500ED32B7 /* AppDelegate.m */; };
		5FCAFE8019EB9D6500ED32B7 /* FirstViewController.m in Sources */ = {isa = PBXBuildFile; fileRef = 5FCAFE7F19EB9D6500ED32B7 /* FirstViewController.m */; };
		5FCAFE8319EB9D6500ED32B7 /* Main.storyboard in Resources */ = {isa = PBXBuildFile; fileRef = 5FCAFE8119EB9D6500ED32B7 /* Main.storyboard */; };
		5FCAFE8519EB9D6500ED32B7 /* Images.xcassets in Resources */ = {isa = PBXBuildFile; fileRef = 5FCAFE8419EB9D6500ED32B7 /* Images.xcassets */; };
		5FCAFE8819EB9D6500ED32B7 /* LaunchScreen.xib in Resources */ = {isa = PBXBuildFile; fileRef = 5FCAFE8619EB9D6500ED32B7 /* LaunchScreen.xib */; };
		5FCAFE9419EB9D6500ED32B7 /* examplesOfSegueTests.m in Sources */ = {isa = PBXBuildFile; fileRef = 5FCAFE9319EB9D6500ED32B7 /* examplesOfSegueTests.m */; };
		5FCAFE9F19EBA05B00ED32B7 /* SecondViewController.m in Sources */ = {isa = PBXBuildFile; fileRef = 5FCAFE9E19EBA05B00ED32B7 /* SecondViewController.m */; };
		5FCAFEA219EBA06F00ED32B7 /* ThirdViewController.m in Sources */ = {isa = PBXBuildFile; fileRef = 5FCAFEA119EBA06F00ED32B7 /* ThirdViewController.m */; };
/* End PBXBuildFile section */

/* Begin PBXContainerItemProxy section */
		5FCAFE8E19EB9D6500ED32B7 /* PBXContainerItemProxy */ = {
			isa = PBXContainerItemProxy;
			containerPortal = 5FCAFE6C19EB9D6500ED32B7 /* Project object */;
			proxyType = 1;
			remoteGlobalIDString = 5FCAFE7319EB9D6500ED32B7;
			remoteInfo = examplesOfSegue;
		};
/* End PBXContainerItemProxy section */

/* Begin PBXFileReference section */
		5FCAFE7419EB9D6500ED32B7 /* examplesOfSegue.app */ = {isa = PBXFileReference; explicitFileType = wrapper.application; includeInIndex = 0; path = examplesOfSegue.app; sourceTree = BUILT_PRODUCTS_DIR; };
		5FCAFE7819EB9D6500ED32B7 /* Info.plist */ = {isa = PBXFileReference; lastKnownFileType = text.plist.xml; path = Info.plist; sourceTree = "<group>"; };
		5FCAFE7919EB9D6500ED32B7 /* main.m */ = {isa = PBXFileReference; lastKnownFileType = sourcecode.c.objc; path = main.m; sourceTree = "<group>"; };
		5FCAFE7B19EB9D6500ED32B7 /* AppDelegate.h */ = {isa = PBXFileReference; lastKnownFileType = sourcecode.c.h; path = AppDelegate.h; sourceTree = "<group>"; };
		5FCAFE7C19EB9D6500ED32B7 /* AppDelegate.m */ = {isa = PBXFileReference; lastKnownFileType = sourcecode.c.objc; path = AppDelegate.m; sourceTree = "<group>"; };
		5FCAFE7E19EB9D6500ED32B7 /* FirstViewController.h */ = {isa = PBXFileReference; lastKnownFileType = sourcecode.c.h; path = FirstViewController.h; sourceTree = "<group>"; };
		5FCAFE7F19EB9D6500ED32B7 /* FirstViewController.m */ = {isa = PBXFileReference; lastKnownFileType = sourcecode.c.objc; path = FirstViewController.m; sourceTree = "<group>"; };
		5FCAFE8219EB9D6500ED32B7 /* Base */ = {isa = PBXFileReference; lastKnownFileType = file.storyboard; name = Base; path = Base.lproj/Main.storyboard; sourceTree = "<group>"; };
		5FCAFE8419EB9D6500ED32B7 /* Images.xcassets */ = {isa = PBXFileReference; lastKnownFileType = folder.assetcatalog; path = Images.xcassets; sourceTree = "<group>"; };
		5FCAFE8719EB9D6500ED32B7 /* Base */ = {isa = PBXFileReference; lastKnownFileType = file.xib; name = Base; path = Base.lproj/LaunchScreen.xib; sourceTree = "<group>"; };
		5FCAFE8D19EB9D6500ED32B7 /* examplesOfSegueTests.xctest */ = {isa = PBXFileReference; explicitFileType = wrapper.cfbundle; includeInIndex = 0; path = examplesOfSegueTests.xctest; sourceTree = BUILT_PRODUCTS_DIR; };
		5FCAFE9219EB9D6500ED32B7 /* Info.plist */ = {isa = PBXFileReference; lastKnownFileType = text.plist.xml; path = Info.plist; sourceTree = "<group>"; };
		5FCAFE9319EB9D6500ED32B7 /* examplesOfSegueTests.m */ = {isa = PBXFileReference; lastKnownFileType = sourcecode.c.objc; path = examplesOfSegueTests.m; sourceTree = "<group>"; };
		5FCAFE9D19EBA05B00ED32B7 /* SecondViewController.h */ = {isa = PBXFileReference; fileEncoding = 4; lastKnownFileType = sourcecode.c.h; path = SecondViewController.h; sourceTree = "<group>"; };
		5FCAFE9E19EBA05B00ED32B7 /* SecondViewController.m */ = {isa = PBXFileReference; fileEncoding = 4; lastKnownFileType = sourcecode.c.objc; path = SecondViewController.m; sourceTree = "<group>"; };
		5FCAFEA019EBA06F00ED32B7 /* ThirdViewController.h */ = {isa = PBXFileReference; fileEncoding = 4; lastKnownFileType = sourcecode.c.h; path = ThirdViewController.h; sourceTree = "<group>"; };
		5FCAFEA119EBA06F00ED32B7 /* ThirdViewController.m */ = {isa = PBXFileReference; fileEncoding = 4; lastKnownFileType = sourcecode.c.objc; path = ThirdViewController.m; sourceTree = "<group>"; };
/* End PBXFileReference section */

/* Begin PBXFrameworksBuildPhase section */
		5FCAFE7119EB9D6500ED32B7 /* Frameworks */ = {
			isa = PBXFrameworksBuildPhase;
			buildActionMask = 2147483647;
			files = (
			);
			runOnlyForDeploymentPostprocessing = 0;
		};
		5FCAFE8A19EB9D6500ED32B7 /* Frameworks */ = {
			isa = PBXFrameworksBuildPhase;
			buildActionMask = 2147483647;
			files = (
			);
			runOnlyForDeploymentPostprocessing = 0;
		};
/* End PBXFrameworksBuildPhase section */

/* Begin PBXGroup section */
		5FCAFE6B19EB9D6500ED32B7 = {
			isa = PBXGroup;
			children = (
				5FCAFE7619EB9D6500ED32B7 /* examplesOfSegue */,
				5FCAFE9019EB9D6500ED32B7 /* examplesOfSegueTests */,
				5FCAFE7519EB9D6500ED32B7 /* Products */,
			);
			sourceTree = "<group>";
		};
		5FCAFE7519EB9D6500ED32B7 /* Products */ = {
			isa = PBXGroup;
			children = (
				5FCAFE7419EB9D6500ED32B7 /* examplesOfSegue.app */,
				5FCAFE8D19EB9D6500ED32B7 /* examplesOfSegueTests.xctest */,
			);
			name = Products;
			sourceTree = "<group>";
		};
		5FCAFE7619EB9D6500ED32B7 /* examplesOfSegue */ = {
			isa = PBXGroup;
			children = (
				5FCAFE7B19EB9D6500ED32B7 /* AppDelegate.h */,
				5FCAFE7C19EB9D6500ED32B7 /* AppDelegate.m */,
				5FCAFE7E19EB9D6500ED32B7 /* FirstViewController.h */,
				5FCAFE7F19EB9D6500ED32B7 /* FirstViewController.m */,
				5FCAFE9D19EBA05B00ED32B7 /* SecondViewController.h */,
				5FCAFE9E19EBA05B00ED32B7 /* SecondViewController.m */,
				5FCAFEA019EBA06F00ED32B7 /* ThirdViewController.h */,
				5FCAFEA119EBA06F00ED32B7 /* ThirdViewController.m */,
				5FCAFE8119EB9D6500ED32B7 /* Main.storyboard */,
				5FCAFE8419EB9D6500ED32B7 /* Images.xcassets */,
				5FCAFE8619EB9D6500ED32B7 /* LaunchScreen.xib */,
				5FCAFE7719EB9D6500ED32B7 /* Supporting Files */,
			);
			path = examplesOfSegue;
			sourceTree = "<group>";
		};
		5FCAFE7719EB9D6500ED32B7 /* Supporting Files */ = {
			isa = PBXGroup;
			children = (
				5FCAFE7819EB9D6500ED32B7 /* Info.plist */,
				5FCAFE7919EB9D6500ED32B7 /* main.m */,
			);
			name = "Supporting Files";
			sourceTree = "<group>";
		};
		5FCAFE9019EB9D6500ED32B7 /* examplesOfSegueTests */ = {
			isa = PBXGroup;
			children = (
				5FCAFE9319EB9D6500ED32B7 /* examplesOfSegueTests.m */,
				5FCAFE9119EB9D6500ED32B7 /* Supporting Files */,
			);
			path = examplesOfSegueTests;
			sourceTree = "<group>";
		};
		5FCAFE9119EB9D6500ED32B7 /* Supporting Files */ = {
			isa = PBXGroup;
			children = (
				5FCAFE9219EB9D6500ED32B7 /* Info.plist */,
			);
			name = "Supporting Files";
			sourceTree = "<group>";
		};
/* End PBXGroup section */

/* Begin PBXNativeTarget section */
		5FCAFE7319EB9D6500ED32B7 /* examplesOfSegue */ = {
			isa = PBXNativeTarget;
			buildConfigurationList = 5FCAFE9719EB9D6500ED32B7 /* Build configuration list for PBXNativeTarget "examplesOfSegue" */;
			buildPhases = (
				5FCAFE7019EB9D6500ED32B7 /* Sources */,
				5FCAFE7119EB9D6500ED32B7 /* Frameworks */,
				5FCAFE7219EB9D6500ED32B7 /* Resources */,
			);
			buildRules = (
			);
			dependencies = (
			);
			name = examplesOfSegue;
			productName = examplesOfSegue;
			productReference = 5FCAFE7419EB9D6500ED32B7 /* examplesOfSegue.app */;
			productType = "com.apple.product-type.application";
		};
		5FCAFE8C19EB9D6500ED32B7 /* examplesOfSegueTests */ = {
			isa = PBXNativeTarget;
			buildConfigurationList = 5FCAFE9A19EB9D6500ED32B7 /* Build configuration list for PBXNativeTarget "examplesOfSegueTests" */;
			buildPhases = (
				5FCAFE8919EB9D6500ED32B7 /* Sources */,
				5FCAFE8A19EB9D6500ED32B7 /* Frameworks */,
				5FCAFE8B19EB9D6500ED32B7 /* Resources */,
			);
			buildRules = (
			);
			dependencies = (
				5FCAFE8F19EB9D6500ED32B7 /* PBXTargetDependency */,
			);
			name = examplesOfSegueTests;
			productName = examplesOfSegueTests;
			productReference = 5FCAFE8D19EB9D6500ED32B7 /* examplesOfSegueTests.xctest */;
			productType = "com.apple.product-type.bundle.unit-test";
		};
/* End PBXNativeTarget section */

/* Begin PBXProject section */
		5FCAFE6C19EB9D6500ED32B7 /* Project object */ = {
			isa = PBXProject;
			attributes = {
				LastUpgradeCheck = 0600;
				ORGANIZATIONNAME = "Tsuyoshi Yamamoto";
				TargetAttributes = {
					5FCAFE7319EB9D6500ED32B7 = {
						CreatedOnToolsVersion = 6.0.1;
					};
					5FCAFE8C19EB9D6500ED32B7 = {
						CreatedOnToolsVersion = 6.0.1;
						TestTargetID = 5FCAFE7319EB9D6500ED32B7;
					};
				};
			};
			buildConfigurationList = 5FCAFE6F19EB9D6500ED32B7 /* Build configuration list for PBXProject "examplesOfSegue" */;
			compatibilityVersion = "Xcode 3.2";
			developmentRegion = English;
			hasScannedForEncodings = 0;
			knownRegions = (
				en,
				Base,
			);
			mainGroup = 5FCAFE6B19EB9D6500ED32B7;
			productRefGroup = 5FCAFE7519EB9D6500ED32B7 /* Products */;
			projectDirPath = "";
			projectRoot = "";
			targets = (
				5FCAFE7319EB9D6500ED32B7 /* examplesOfSegue */,
				5FCAFE8C19EB9D6500ED32B7 /* examplesOfSegueTests */,
			);
		};
/* End PBXProject section */

/* Begin PBXResourcesBuildPhase section */
		5FCAFE7219EB9D6500ED32B7 /* Resources */ = {
			isa = PBXResourcesBuildPhase;
			buildActionMask = 2147483647;
			files = (
				5FCAFE8319EB9D6500ED32B7 /* Main.storyboard in Resources */,
				5FCAFE8819EB9D6500ED32B7 /* LaunchScreen.xib in Resources */,
				5FCAFE8519EB9D6500ED32B7 /* Images.xcassets in Resources */,
			);
			runOnlyForDeploymentPostprocessing = 0;
		};
		5FCAFE8B19EB9D6500ED32B7 /* Resources */ = {
			isa = PBXResourcesBuildPhase;
			buildActionMask = 2147483647;
			files = (
			);
			runOnlyForDeploymentPostprocessing = 0;
		};
/* End PBXResourcesBuildPhase section */

/* Begin PBXSourcesBuildPhase section */
		5FCAFE7019EB9D6500ED32B7 /* Sources */ = {
			isa = PBXSourcesBuildPhase;
			buildActionMask = 2147483647;
			files = (
				5FCAFE9F19EBA05B00ED32B7 /* SecondViewController.m in Sources */,
				5FCAFEA219EBA06F00ED32B7 /* ThirdViewController.m in Sources */,
				5FCAFE8019EB9D6500ED32B7 /* FirstViewController.m in Sources */,
				5FCAFE7D19EB9D6500ED32B7 /* AppDelegate.m in Sources */,
				5FCAFE7A19EB9D6500ED32B7 /* main.m in Sources */,
			);
			runOnlyForDeploymentPostprocessing = 0;
		};
		5FCAFE8919EB9D6500ED32B7 /* Sources */ = {
			isa = PBXSourcesBuildPhase;
			buildActionMask = 2147483647;
			files = (
				5FCAFE9419EB9D6500ED32B7 /* examplesOfSegueTests.m in Sources */,
			);
			runOnlyForDeploymentPostprocessing = 0;
		};
/* End PBXSourcesBuildPhase section */

/* Begin PBXTargetDependency section */
		5FCAFE8F19EB9D6500ED32B7 /* PBXTargetDependency */ = {
			isa = PBXTargetDependency;
			target = 5FCAFE7319EB9D6500ED32B7 /* examplesOfSegue */;
			targetProxy = 5FCAFE8E19EB9D6500ED32B7 /* PBXContainerItemProxy */;
		};
/* End PBXTargetDependency section */

/* Begin PBXVariantGroup section */
		5FCAFE8119EB9D6500ED32B7 /* Main.storyboard */ = {
			isa = PBXVariantGroup;
			children = (
				5FCAFE8219EB9D6500ED32B7 /* Base */,
			);
			name = Main.storyboard;
			sourceTree = "<group>";
		};
		5FCAFE8619EB9D6500ED32B7 /* LaunchScreen.xib */ = {
			isa = PBXVariantGroup;
			children = (
				5FCAFE8719EB9D6500ED32B7 /* Base */,
			);
			name = LaunchScreen.xib;
			sourceTree = "<group>";
		};
/* End PBXVariantGroup section */

/* Begin XCBuildConfiguration section */
		5FCAFE9519EB9D6500ED32B7 /* Debug */ = {
			isa = XCBuildConfiguration;
			buildSettings = {
				ALWAYS_SEARCH_USER_PATHS = NO;
				CLANG_CXX_LANGUAGE_STANDARD = "gnu++0x";
				CLANG_CXX_LIBRARY = "libc++";
				CLANG_ENABLE_MODULES = YES;
				CLANG_ENABLE_OBJC_ARC = YES;
				CLANG_WARN_BOOL_CONVERSION = YES;
				CLANG_WARN_CONSTANT_CONVERSION = YES;
				CLANG_WARN_DIRECT_OBJC_ISA_USAGE = YES_ERROR;
				CLANG_WARN_EMPTY_BODY = YES;
				CLANG_WARN_ENUM_CONVERSION = YES;
				CLANG_WARN_INT_CONVERSION = YES;
				CLANG_WARN_OBJC_ROOT_CLASS = YES_ERROR;
				CLANG_WARN_UNREACHABLE_CODE = YES;
				CLANG_WARN__DUPLICATE_METHOD_MATCH = YES;
				"CODE_SIGN_IDENTITY[sdk=iphoneos*]" = "iPhone Developer";
				COPY_PHASE_STRIP = NO;
				ENABLE_STRICT_OBJC_MSGSEND = YES;
				GCC_C_LANGUAGE_STANDARD = gnu99;
				GCC_DYNAMIC_NO_PIC = NO;
				GCC_OPTIMIZATION_LEVEL = 0;
				GCC_PREPROCESSOR_DEFINITIONS = (
					"DEBUG=1",
					"$(inherited)",
				);
				GCC_SYMBOLS_PRIVATE_EXTERN = NO;
				GCC_WARN_64_TO_32_BIT_CONVERSION = YES;
				GCC_WARN_ABOUT_RETURN_TYPE = YES_ERROR;
				GCC_WARN_UNDECLARED_SELECTOR = YES;
				GCC_WARN_UNINITIALIZED_AUTOS = YES_AGGRESSIVE;
				GCC_WARN_UNUSED_FUNCTION = YES;
				GCC_WARN_UNUSED_VARIABLE = YES;
				IPHONEOS_DEPLOYMENT_TARGET = 8.0;
				MTL_ENABLE_DEBUG_INFO = YES;
				ONLY_ACTIVE_ARCH = YES;
				SDKROOT = iphoneos;
			};
			name = Debug;
		};
		5FCAFE9619EB9D6500ED32B7 /* Release */ = {
			isa = XCBuildConfiguration;
			buildSettings = {
				ALWAYS_SEARCH_USER_PATHS = NO;
				CLANG_CXX_LANGUAGE_STANDARD = "gnu++0x";
				CLANG_CXX_LIBRARY = "libc++";
				CLANG_ENABLE_MODULES = YES;
				CLANG_ENABLE_OBJC_ARC = YES;
				CLANG_WARN_BOOL_CONVERSION = YES;
				CLANG_WARN_CONSTANT_CONVERSION = YES;
				CLANG_WARN_DIRECT_OBJC_ISA_USAGE = YES_ERROR;
				CLANG_WARN_EMPTY_BODY = YES;
				CLANG_WARN_ENUM_CONVERSION = YES;
				CLANG_WARN_INT_CONVERSION = YES;
				CLANG_WARN_OBJC_ROOT_CLASS = YES_ERROR;
				CLANG_WARN_UNREACHABLE_CODE = YES;
				CLANG_WARN__DUPLICATE_METHOD_MATCH = YES;
				"CODE_SIGN_IDENTITY[sdk=iphoneos*]" = "iPhone Developer";
				COPY_PHASE_STRIP = YES;
				ENABLE_NS_ASSERTIONS = NO;
				ENABLE_STRICT_OBJC_MSGSEND = YES;
				GCC_C_LANGUAGE_STANDARD = gnu99;
				GCC_WARN_64_TO_32_BIT_CONVERSION = YES;
				GCC_WARN_ABOUT_RETURN_TYPE = YES_ERROR;
				GCC_WARN_UNDECLARED_SELECTOR = YES;
				GCC_WARN_UNINITIALIZED_AUTOS = YES_AGGRESSIVE;
				GCC_WARN_UNUSED_FUNCTION = YES;
				GCC_WARN_UNUSED_VARIABLE = YES;
				IPHONEOS_DEPLOYMENT_TARGET = 8.0;
				MTL_ENABLE_DEBUG_INFO = NO;
				SDKROOT = iphoneos;
				VALIDATE_PRODUCT = YES;
			};
			name = Release;
		};
		5FCAFE9819EB9D6500ED32B7 /* Debug */ = {
			isa = XCBuildConfiguration;
			buildSettings = {
				ASSETCATALOG_COMPILER_APPICON_NAME = AppIcon;
				INFOPLIST_FILE = examplesOfSegue/Info.plist;
				LD_RUNPATH_SEARCH_PATHS = "$(inherited) @executable_path/Frameworks";
				PRODUCT_NAME = "$(TARGET_NAME)";
			};
			name = Debug;
		};
		5FCAFE9919EB9D6500ED32B7 /* Release */ = {
			isa = XCBuildConfiguration;
			buildSettings = {
				ASSETCATALOG_COMPILER_APPICON_NAME = AppIcon;
				INFOPLIST_FILE = examplesOfSegue/Info.plist;
				LD_RUNPATH_SEARCH_PATHS = "$(inherited) @executable_path/Frameworks";
				PRODUCT_NAME = "$(TARGET_NAME)";
			};
			name = Release;
		};
		5FCAFE9B19EB9D6500ED32B7 /* Debug */ = {
			isa = XCBuildConfiguration;
			buildSettings = {
				BUNDLE_LOADER = "$(TEST_HOST)";
				FRAMEWORK_SEARCH_PATHS = (
					"$(SDKROOT)/Developer/Library/Frameworks",
					"$(inherited)",
				);
				GCC_PREPROCESSOR_DEFINITIONS = (
					"DEBUG=1",
					"$(inherited)",
				);
				INFOPLIST_FILE = examplesOfSegueTests/Info.plist;
				LD_RUNPATH_SEARCH_PATHS = "$(inherited) @executable_path/Frameworks @loader_path/Frameworks";
				PRODUCT_NAME = "$(TARGET_NAME)";
				TEST_HOST = "$(BUILT_PRODUCTS_DIR)/examplesOfSegue.app/examplesOfSegue";
			};
			name = Debug;
		};
		5FCAFE9C19EB9D6500ED32B7 /* Release */ = {
			isa = XCBuildConfiguration;
			buildSettings = {
				BUNDLE_LOADER = "$(TEST_HOST)";
				FRAMEWORK_SEARCH_PATHS = (
					"$(SDKROOT)/Developer/Library/Frameworks",
					"$(inherited)",
				);
				INFOPLIST_FILE = examplesOfSegueTests/Info.plist;
				LD_RUNPATH_SEARCH_PATHS = "$(inherited) @executable_path/Frameworks @loader_path/Frameworks";
				PRODUCT_NAME = "$(TARGET_NAME)";
				TEST_HOST = "$(BUILT_PRODUCTS_DIR)/examplesOfSegue.app/examplesOfSegue";
			};
			name = Release;
		};
/* End XCBuildConfiguration section */

/* Begin XCConfigurationList section */
		5FCAFE6F19EB9D6500ED32B7 /* Build configuration list for PBXProject "examplesOfSegue" */ = {
			isa = XCConfigurationList;
			buildConfigurations = (
				5FCAFE9519EB9D6500ED32B7 /* Debug */,
				5FCAFE9619EB9D6500ED32B7 /* Release */,
			);
			defaultConfigurationIsVisible = 0;
			defaultConfigurationName = Release;
		};
		5FCAFE9719EB9D6500ED32B7 /* Build configuration list for PBXNativeTarget "examplesOfSegue" */ = {
			isa = XCConfigurationList;
			buildConfigurations = (
				5FCAFE9819EB9D6500ED32B7 /* Debug */,
				5FCAFE9919EB9D6500ED32B7 /* Release */,
			);
			defaultConfigurationIsVisible = 0;
		};
		5FCAFE9A19EB9D6500ED32B7 /* Build configuration list for PBXNativeTarget "examplesOfSegueTests" */ = {
			isa = XCConfigurationList;
			buildConfigurations = (
				5FCAFE9B19EB9D6500ED32B7 /* Debug */,
				5FCAFE9C19EB9D6500ED32B7 /* Release */,
			);
			defaultConfigurationIsVisible = 0;
		};
/* End XCConfigurationList section */
	};
	rootObject = 5FCAFE6C19EB9D6500ED32B7 /* Project object */;
}
